
Microsoft Visual Studio Solution File, Format Version 12.00
# Visual Studio Version 17
VisualStudioVersion = 17.11.35303.130
MinimumVisualStudioVersion = 10.0.40219.1
Project("{FAE04EC0-301F-11D3-BF4B-00C04F79EFBC}") = "TEST", "TEST.csproj", "{BAEDBD48-2D29-45F0-9B0D-D60669262C8A}"
EndProject
Global
	GlobalSection(SolutionConfigurationPlatforms) = preSolution
		Debug|Any CPU = Debug|Any CPU
		Release|Any CPU = Release|Any CPU
	EndGlobalSection
	GlobalSection(ProjectConfigurationPlatforms) = postSolution
		{BAEDBD48-2D29-45F0-9B0D-D60669262C8A}.Debug|Any CPU.ActiveCfg = Debug|Any CPU
		{BAEDBD48-2D29-45F0-9B0D-D60669262C8A}.Debug|Any CPU.Build.0 = Debug|Any CPU
		{BAEDBD48-2D29-45F0-9B0D-D60669262C8A}.Release|Any CPU.ActiveCfg = Release|Any CPU
		{BAEDBD48-2D29-45F0-9B0D-D60669262C8A}.Release|Any CPU.Build.0 = Release|Any CPU
	EndGlobalSection
	GlobalSection(SolutionProperties) = preSolution
		HideSolutionNode = FALSE
	EndGlobalSection
	GlobalSection(ExtensibilityGlobals) = postSolution
		SolutionGuid = {D1FB74DB-5985-44C9-BAD2-3719A56B7951}
	EndGlobalSection
EndGlobal
